<?xml version="1.0" encoding="utf-8"?>
<Project ToolsVersion="4.0" xmlns="http://schemas.microsoft.com/developer/msbuild/2003">
  <ItemGroup>
    <Filter Include="Source Files">
      <UniqueIdentifier>{4d38630b-4314-4a89-bf06-93943d0be380}</UniqueIdentifier>
      <Extensions>cpp;c;cc;cxx;def;idl;odl</Extensions>
    </Filter>
    <Filter Include="Include Files">
      <UniqueIdentifier>{9970e410-5a3d-497b-b7d8-3552eaf9371d}</UniqueIdentifier>
      <Extensions>h;hh;hxx</Extensions>
    </Filter>
    <Filter Include="Resource Files">
      <UniqueIdentifier>{d921d3ff-e982-4308-a5bf-8a6a1a2a809d}</UniqueIdentifier>
      <Extensions>rc;ico;bmp;cur;jpg;gif</Extensions>
    </Filter>
    <Filter Include="Miscellaneous Files">
      <UniqueIdentifier>{095a837d-a9fd-422f-a125-81cc089745a3}</UniqueIdentifier>
      <Extensions>reg;rgs;mak;clw;vsdir;vsz;css;inf;vcproj;csproj</Extensions>
    </Filter>
  </ItemGroup>
  <ItemGroup>
    <ClCompile Include="acrxEntryPoint.cpp">
      <Filter>Source Files</Filter>
    </ClCompile>
    <ClCompile Include="ArCaCOMCota.cpp">
      <Filter>Source Files</Filter>
    </ClCompile>
    <ClCompile Include="ArCaCOMGrating.cpp">
      <Filter>Source Files</Filter>
    </ClCompile>
    <ClCompile Include="ArCaCOMRampa.cpp">
      <Filter>Source Files</Filter>
    </ClCompile>
    <ClCompile Include="ArCaPropertyPalette.cpp">
      <Filter>Source Files</Filter>
    </ClCompile>
    <ClCompile Include="StdAfx.cpp">
      <Filter>Source Files</Filter>
    </ClCompile>
  </ItemGroup>
  <ItemGroup>
    <Midl Include="ArCaPropertyPalette.idl">
      <Filter>Source Files</Filter>
    </Midl>
  </ItemGroup>
  <ItemGroup>
    <ClInclude Include="ArCaCOMCota.h">
      <Filter>Include Files</Filter>
    </ClInclude>
    <ClInclude Include="ArCaCOMGrating.h">
      <Filter>Include Files</Filter>
    </ClInclude>
    <ClInclude Include="ArCaCOMRampa.h">
      <Filter>Include Files</Filter>
    </ClInclude>
    <ClInclude Include="Resource.h">
      <Filter>Include Files</Filter>
    </ClInclude>
    <ClInclude Include="StdAfx.h">
      <Filter>Include Files</Filter>
    </ClInclude>
  </ItemGroup>
  <ItemGroup>
    <ResourceCompile Include="ArCaPropertyPalette.rc">
      <Filter>Resource Files</Filter>
    </ResourceCompile>
  </ItemGroup>
  <ItemGroup>
    <None Include="ArCaCOMCota.rgs">
      <Filter>Miscellaneous Files</Filter>
    </None>
    <None Include="ArCaCOMGrating.rgs">
      <Filter>Miscellaneous Files</Filter>
    </None>
    <None Include="ArCaCOMRampa.rgs">
      <Filter>Miscellaneous Files</Filter>
    </None>
    <None Include="ArCaPropertyPalette.rgs">
      <Filter>Miscellaneous Files</Filter>
    </None>
  </ItemGroup>
</Project>