<?xml version="1.0" encoding="utf-8"?>
<Project ToolsVersion="4.0" xmlns="http://schemas.microsoft.com/developer/msbuild/2003">
  <ItemGroup>
    <Filter Include="Source Files">
      <UniqueIdentifier>{81185065-4b89-459a-a139-18e9b3b5dd63}</UniqueIdentifier>
      <Extensions>cpp;c;cc;cxx;def;idl;odl</Extensions>
    </Filter>
    <Filter Include="Include Files">
      <UniqueIdentifier>{1f18c2af-1eef-4764-8270-cc6aa906092a}</UniqueIdentifier>
      <Extensions>h;hh;hxx</Extensions>
    </Filter>
    <Filter Include="Resource Files">
      <UniqueIdentifier>{b8282703-ff89-48cc-b66a-0106fc42f4b8}</UniqueIdentifier>
      <Extensions>rc;ico;bmp;cur;jpg;gif</Extensions>
    </Filter>
    <Filter Include="Miscellaneous Files">
      <UniqueIdentifier>{ed9ba263-e120-44b8-bcec-64b5821e7b7e}</UniqueIdentifier>
      <Extensions>reg;rgs;mak;clw;vsdir;vsz;css;inf;vcproj;csproj</Extensions>
    </Filter>
  </ItemGroup>
  <ItemGroup>
    <ClCompile Include="acrxEntryPoint.cpp">
      <Filter>Source Files</Filter>
    </ClCompile>
    <ClCompile Include="ArCaWrapper.cpp">
      <Filter>Source Files</Filter>
    </ClCompile>
    <ClCompile Include="ArCaWrpCota.cpp">
      <Filter>Source Files</Filter>
    </ClCompile>
    <ClCompile Include="ArCaWrpDynamicArea.cpp">
      <Filter>Source Files</Filter>
    </ClCompile>
    <ClCompile Include="ArCaWrpGrating.cpp">
      <Filter>Source Files</Filter>
    </ClCompile>
    <ClCompile Include="ArCaWrpRampa.cpp">
      <Filter>Source Files</Filter>
    </ClCompile>
    <ClCompile Include="AssemblyInfo.cpp">
      <Filter>Source Files</Filter>
    </ClCompile>
    <ClCompile Include="StdAfx.cpp">
      <Filter>Source Files</Filter>
    </ClCompile>
  </ItemGroup>
  <ItemGroup>
    <ClInclude Include="ArCaWrpCota.h">
      <Filter>Include Files</Filter>
    </ClInclude>
    <ClInclude Include="ArCaWrpDynamicArea.h">
      <Filter>Include Files</Filter>
    </ClInclude>
    <ClInclude Include="ArCaWrpGrating.h">
      <Filter>Include Files</Filter>
    </ClInclude>
    <ClInclude Include="ArCaWrpRampa.h">
      <Filter>Include Files</Filter>
    </ClInclude>
    <ClInclude Include="Resource.h">
      <Filter>Include Files</Filter>
    </ClInclude>
    <ClInclude Include="StdAfx.h">
      <Filter>Include Files</Filter>
    </ClInclude>
  </ItemGroup>
  <ItemGroup>
    <ResourceCompile Include="ArCaWrapper.rc">
      <Filter>Resource Files</Filter>
    </ResourceCompile>
  </ItemGroup>
</Project>